
Microsoft Visual Studio Solution File, Format Version 12.00
# Visual Studio 15
VisualStudioVersion = 15.0.28010.2050
MinimumVisualStudioVersion = 10.0.40219.1
Project("{FAE04EC0-301F-11D3-BF4B-00C04F79EFBC}") = "IsurbideWebAPI", "IsurbideWebAPI\IsurbideWebAPI.csproj", "{2D0E1381-FB1D-44DA-B590-47C7F3D80504}"
EndProject
Global
	GlobalSection(SolutionConfigurationPlatforms) = preSolution
		Debug|Any CPU = Debug|Any CPU
		Release|Any CPU = Release|Any CPU
	EndGlobalSection
	GlobalSection(ProjectConfigurationPlatforms) = postSolution
		{2D0E1381-FB1D-44DA-B590-47C7F3D80504}.Debug|Any CPU.ActiveCfg = Debug|Any CPU
		{2D0E1381-FB1D-44DA-B590-47C7F3D80504}.Debug|Any CPU.Build.0 = Debug|Any CPU
		{2D0E1381-FB1D-44DA-B590-47C7F3D80504}.Release|Any CPU.ActiveCfg = Release|Any CPU
		{2D0E1381-FB1D-44DA-B590-47C7F3D80504}.Release|Any CPU.Build.0 = Release|Any CPU
	EndGlobalSection
	GlobalSection(SolutionProperties) = preSolution
		HideSolutionNode = FALSE
	EndGlobalSection
	GlobalSection(ExtensibilityGlobals) = postSolution
		SolutionGuid = {18FD4C8F-876A-4B73-A37E-4BDFC4475652}
	EndGlobalSection
EndGlobal
